
Microsoft Visual Studio Solution File, Format Version 12.00
# Visual Studio Version 16
VisualStudioVersion = 16.0.30104.148
MinimumVisualStudioVersion = 10.0.40219.1
Project("{F184B08F-C81C-45F6-A57F-5ABD9991F28F}") = "ProyectoBuscaminas", "ProyectoBuscaminas.vbproj", "{9BB98E45-37A6-4FAE-8849-B5F34933A3E8}"
EndProject
Global
	GlobalSection(SolutionConfigurationPlatforms) = preSolution
		Debug|Any CPU = Debug|Any CPU
		Release|Any CPU = Release|Any CPU
	EndGlobalSection
	GlobalSection(ProjectConfigurationPlatforms) = postSolution
		{9BB98E45-37A6-4FAE-8849-B5F34933A3E8}.Debug|Any CPU.ActiveCfg = Debug|Any CPU
		{9BB98E45-37A6-4FAE-8849-B5F34933A3E8}.Debug|Any CPU.Build.0 = Debug|Any CPU
		{9BB98E45-37A6-4FAE-8849-B5F34933A3E8}.Release|Any CPU.ActiveCfg = Release|Any CPU
		{9BB98E45-37A6-4FAE-8849-B5F34933A3E8}.Release|Any CPU.Build.0 = Release|Any CPU
	EndGlobalSection
	GlobalSection(SolutionProperties) = preSolution
		HideSolutionNode = FALSE
	EndGlobalSection
	GlobalSection(ExtensibilityGlobals) = postSolution
		SolutionGuid = {1B2075CF-535A-469D-894C-1CEC345131F6}
	EndGlobalSection
EndGlobal
